{
  "version": 4,
  "terraform_version": "0.12.16",
  "serial": 4,
  "lineage": "dafda011-df4f-3647-8995-fe2c6f0997a6",
  "outputs": {},
  "resources": [
    {
      "mode": "managed",
      "type": "aws_instance",
      "name": "web",
      "provider": "provider.aws",
      "instances": [
        {
          "schema_version": 1,
          "attributes": {
            "ami": "ami-0d59ddf55cdda6e21",
            "arn": "arn:aws:ec2:ap-northeast-2:924662248232:instance/i-0b37f71873c958596",
            "associate_public_ip_address": true,
            "availability_zone": "ap-northeast-2c",
            "cpu_core_count": 1,
            "cpu_threads_per_core": 1,
            "credit_specification": [
              {
                "cpu_credits": "standard"
              }
            ],
            "disable_api_termination": false,
            "ebs_block_device": [],
            "ebs_optimized": false,
            "ephemeral_block_device": [],
            "get_password_data": false,
            "host_id": null,
            "iam_instance_profile": "",
            "id": "i-0b37f71873c958596",
            "instance_initiated_shutdown_behavior": null,
            "instance_state": "running",
            "instance_type": "t2.micro",
            "ipv6_address_count": 0,
            "ipv6_addresses": [],
            "key_name": "admin",
            "monitoring": false,
            "network_interface": [],
            "network_interface_id": null,
            "password_data": "",
            "placement_group": "",
            "primary_network_interface_id": "eni-0b7dc4203135cc284",
            "private_dns": "ip-172-31-44-87.ap-northeast-2.compute.internal",
            "private_ip": "172.31.44.87",
            "public_dns": "ec2-15-164-162-49.ap-northeast-2.compute.amazonaws.com",
            "public_ip": "15.164.162.49",
            "root_block_device": [
              {
                "delete_on_termination": true,
                "encrypted": false,
                "iops": 100,
                "kms_key_id": "",
                "volume_id": "vol-0d425a30b635ad9c2",
                "volume_size": 8,
                "volume_type": "gp2"
              }
            ],
            "security_groups": [
              "default"
            ],
            "source_dest_check": true,
            "subnet_id": "subnet-9ebae3d2",
            "tags": null,
            "tenancy": "default",
            "timeouts": null,
            "user_data": null,
            "user_data_base64": null,
            "volume_tags": {},
            "vpc_security_group_ids": [
              "sg-dfcb4eb1"
            ]
          },
          "private": "eyJlMmJmYjczMC1lY2FhLTExZTYtOGY4OC0zNDM2M2JjN2M0YzAiOnsiY3JlYXRlIjo2MDAwMDAwMDAwMDAsImRlbGV0ZSI6MTIwMDAwMDAwMDAwMCwidXBkYXRlIjo2MDAwMDAwMDAwMDB9LCJzY2hlbWFfdmVyc2lvbiI6IjEifQ==",
          "dependencies": [
            "aws_key_pair.ssh"
          ]
        }
      ]
    },
    {
      "mode": "managed",
      "type": "aws_key_pair",
      "name": "ssh",
      "provider": "provider.aws",
      "instances": [
        {
          "schema_version": 1,
          "attributes": {
            "fingerprint": "ed:3c:78:9b:a7:3c:b0:c3:b1:5d:7f:a2:99:bb:46:01",
            "id": "admin",
            "key_name": "admin",
            "key_name_prefix": null,
            "public_key": "ssh-rsa AAAAB3NzaC1yc2EAAAADAQABAAABAQCeAav2bZTf/4CaW3vDoBQTTlpGtzileCPU2dcJUR2xZCpr25b1ybR2hUibukfYUHzb+ZfhEFiTTgp6LbGJTwHshUUmFNqRGbCEk+W9fRErhY0kE8rXlRSXXo5JqX2BYbmSQCmRfTitYTVCIVWopekKhabndkOgHWd6EGokXWOhKPo+HegoX1MLuW6hyNq1cEeM8j/A9V8F0MkuusDOyf2TalNMue3EZ8MlijqDSpJ2tg3IB3hZOBz0BKrRAJed4Whz4tzuwhNYgvgoaa9X2aXMkfZINGqMmEI90EmRC9dCkzPSTCwusWRNyABcEyNrsoie0a7DVkbhIrq87Ncynvt9 dennis@EPCNSZXW0188"
          },
          "private": "eyJzY2hlbWFfdmVyc2lvbiI6IjEifQ=="
        }
      ]
    }
  ]
}
